
Microsoft Visual Studio Solution File, Format Version 12.00
Project("{FAE04EC0-301F-11D3-BF4B-00C04F79EFBC}") = "GradesTrackingBot", "GradesTrackingBot\GradesTrackingBot.csproj", "{AD24413A-2A89-4A95-837A-83B74F7A8168}"
EndProject
Global
	GlobalSection(SolutionConfigurationPlatforms) = preSolution
		Debug|Any CPU = Debug|Any CPU
		Release|Any CPU = Release|Any CPU
	EndGlobalSection
	GlobalSection(ProjectConfigurationPlatforms) = postSolution
		{AD24413A-2A89-4A95-837A-83B74F7A8168}.Debug|Any CPU.ActiveCfg = Debug|Any CPU
		{AD24413A-2A89-4A95-837A-83B74F7A8168}.Debug|Any CPU.Build.0 = Debug|Any CPU
		{AD24413A-2A89-4A95-837A-83B74F7A8168}.Release|Any CPU.ActiveCfg = Release|Any CPU
		{AD24413A-2A89-4A95-837A-83B74F7A8168}.Release|Any CPU.Build.0 = Release|Any CPU
	EndGlobalSection
EndGlobal
